<Solution>
  <Project Path="API/API.csproj" />
  <Project Path="Application/Application.csproj" />
  <Project Path="Domain/Domain.csproj" />
  <Project Path="Infrastructure/Infrastructure.csproj" />
  <Project Path="RetailProject.Tests/RetailProject.Tests.csproj" Id="2a57c916-28b7-4719-b726-a84596d95ab6" />
</Solution>
